PODS:
  - TIImageViewer (1.0.0)

DEPENDENCIES:
  - TIImageViewer (from `https://github.com/toddisaacs/TIImageViewer.git`, tag `v1.2.1`)

EXTERNAL SOURCES:
  TIImageViewer:
    :git: https://github.com/toddisaacs/TIImageViewer.git
    :tag: v1.2.1

CHECKOUT OPTIONS:
  TIImageViewer:
    :git: https://github.com/toddisaacs/TIImageViewer.git
    :tag: v1.2.1

SPEC CHECKSUMS:
  TIImageViewer: 5393da76e2a0a8c5253d493b0cabef1886c80ff8

PODFILE CHECKSUM: abfb7ab2cacb4a361b791ffed9c7d583f2a7a0aa

COCOAPODS: 1.4.0
