PODS:
  - TIImageViewer (1.0.0)

DEPENDENCIES:
  - TIImageViewer (from `/Users/toddisaacs/ios/TIImageViewer`)

EXTERNAL SOURCES:
  TIImageViewer:
    :path: /Users/toddisaacs/ios/TIImageViewer

SPEC CHECKSUMS:
  TIImageViewer: 46b226cfbb7d3a052c4209a6f7ae12119bf9d21d

PODFILE CHECKSUM: 5be1d8577d877348cd0d89c628fdce06e04f7443

COCOAPODS: 1.4.0
