// !$*UTF8*$!
{
	archiveVersion = 1;
	classes = {
	};
	objectVersion = 46;
	objects = {

/* Begin PBXBuildFile section */
		3262A90A1E3CDB7000305DC1 /* CollectionViewController.swift in Sources */ = {isa = PBXBuildFile; fileRef = 3262A9091E3CDB7000305DC1 /* CollectionViewController.swift */; };
		3262A90D1E3CDBA300305DC1 /* PhotoCell.swift in Sources */ = {isa = PBXBuildFile; fileRef = 3262A90C1E3CDBA300305DC1 /* PhotoCell.swift */; };
		3262A90F1E3CDBCB00305DC1 /* UIImage.swift in Sources */ = {isa = PBXBuildFile; fileRef = 3262A90E1E3CDBCB00305DC1 /* UIImage.swift */; };
		329D958C1E3CD04300EB395B /* AppDelegate.swift in Sources */ = {isa = PBXBuildFile; fileRef = 329D958B1E3CD04300EB395B /* AppDelegate.swift */; };
		329D958E1E3CD04300EB395B /* ViewController.swift in Sources */ = {isa = PBXBuildFile; fileRef = 329D958D1E3CD04300EB395B /* ViewController.swift */; };
		329D95911E3CD04300EB395B /* Main.storyboard in Resources */ = {isa = PBXBuildFile; fileRef = 329D958F1E3CD04300EB395B /* Main.storyboard */; };
		329D95931E3CD04300EB395B /* Assets.xcassets in Resources */ = {isa = PBXBuildFile; fileRef = 329D95921E3CD04300EB395B /* Assets.xcassets */; };
		329D95961E3CD04300EB395B /* LaunchScreen.storyboard in Resources */ = {isa = PBXBuildFile; fileRef = 329D95941E3CD04300EB395B /* LaunchScreen.storyboard */; };
		4D1D149BF5336FE56CD4238D /* Pods_DemoImageViewer.framework in Frameworks */ = {isa = PBXBuildFile; fileRef = F0544F021E6E5BF8A16418C9 /* Pods_DemoImageViewer.framework */; };
/* End PBXBuildFile section */

/* Begin PBXFileReference section */
		3262A9091E3CDB7000305DC1 /* CollectionViewController.swift */ = {isa = PBXFileReference; fileEncoding = 4; lastKnownFileType = sourcecode.swift; path = CollectionViewController.swift; sourceTree = "<group>"; };
		3262A90C1E3CDBA300305DC1 /* PhotoCell.swift */ = {isa = PBXFileReference; fileEncoding = 4; lastKnownFileType = sourcecode.swift; path = PhotoCell.swift; sourceTree = "<group>"; };
		3262A90E1E3CDBCB00305DC1 /* UIImage.swift */ = {isa = PBXFileReference; fileEncoding = 4; lastKnownFileType = sourcecode.swift; path = UIImage.swift; sourceTree = "<group>"; };
		329D95881E3CD04300EB395B /* DemoImageViewer.app */ = {isa = PBXFileReference; explicitFileType = wrapper.application; includeInIndex = 0; path = DemoImageViewer.app; sourceTree = BUILT_PRODUCTS_DIR; };
		329D958B1E3CD04300EB395B /* AppDelegate.swift */ = {isa = PBXFileReference; lastKnownFileType = sourcecode.swift; path = AppDelegate.swift; sourceTree = "<group>"; };
		329D958D1E3CD04300EB395B /* ViewController.swift */ = {isa = PBXFileReference; lastKnownFileType = sourcecode.swift; path = ViewController.swift; sourceTree = "<group>"; };
		329D95901E3CD04300EB395B /* Base */ = {isa = PBXFileReference; lastKnownFileType = file.storyboard; name = Base; path = Base.lproj/Main.storyboard; sourceTree = "<group>"; };
		329D95921E3CD04300EB395B /* Assets.xcassets */ = {isa = PBXFileReference; lastKnownFileType = folder.assetcatalog; path = Assets.xcassets; sourceTree = "<group>"; };
		329D95951E3CD04300EB395B /* Base */ = {isa = PBXFileReference; lastKnownFileType = file.storyboard; name = Base; path = Base.lproj/LaunchScreen.storyboard; sourceTree = "<group>"; };
		329D95971E3CD04300EB395B /* Info.plist */ = {isa = PBXFileReference; lastKnownFileType = text.plist.xml; path = Info.plist; sourceTree = "<group>"; };
		6238318720EC6CBFAFD302C8 /* Pods-DemoImageViewer.release.xcconfig */ = {isa = PBXFileReference; includeInIndex = 1; lastKnownFileType = text.xcconfig; name = "Pods-DemoImageViewer.release.xcconfig"; path = "Pods/Target Support Files/Pods-DemoImageViewer/Pods-DemoImageViewer.release.xcconfig"; sourceTree = "<group>"; };
		A9CD2EE290DCA5469C9C8440 /* Pods-DemoImageViewer.debug.xcconfig */ = {isa = PBXFileReference; includeInIndex = 1; lastKnownFileType = text.xcconfig; name = "Pods-DemoImageViewer.debug.xcconfig"; path = "Pods/Target Support Files/Pods-DemoImageViewer/Pods-DemoImageViewer.debug.xcconfig"; sourceTree = "<group>"; };
		F0544F021E6E5BF8A16418C9 /* Pods_DemoImageViewer.framework */ = {isa = PBXFileReference; explicitFileType = wrapper.framework; includeInIndex = 0; path = Pods_DemoImageViewer.framework; sourceTree = BUILT_PRODUCTS_DIR; };
/* End PBXFileReference section */

/* Begin PBXFrameworksBuildPhase section */
		329D95851E3CD04300EB395B /* Frameworks */ = {
			isa = PBXFrameworksBuildPhase;
			buildActionMask = 2147483647;
			files = (
				4D1D149BF5336FE56CD4238D /* Pods_DemoImageViewer.framework in Frameworks */,
			);
			runOnlyForDeploymentPostprocessing = 0;
		};
/* End PBXFrameworksBuildPhase section */

/* Begin PBXGroup section */
		1A2B430843522C4D38CA4630 /* Pods */ = {
			isa = PBXGroup;
			children = (
				A9CD2EE290DCA5469C9C8440 /* Pods-DemoImageViewer.debug.xcconfig */,
				6238318720EC6CBFAFD302C8 /* Pods-DemoImageViewer.release.xcconfig */,
			);
			name = Pods;
			sourceTree = "<group>";
		};
		3262A90B1E3CDB8F00305DC1 /* collection */ = {
			isa = PBXGroup;
			children = (
				3262A9091E3CDB7000305DC1 /* CollectionViewController.swift */,
				3262A90C1E3CDBA300305DC1 /* PhotoCell.swift */,
				3262A90E1E3CDBCB00305DC1 /* UIImage.swift */,
			);
			name = collection;
			sourceTree = "<group>";
		};
		329D957F1E3CD04300EB395B = {
			isa = PBXGroup;
			children = (
				329D958A1E3CD04300EB395B /* DemoImageViewer */,
				329D95891E3CD04300EB395B /* Products */,
				1A2B430843522C4D38CA4630 /* Pods */,
				97869BDCABD7EEB3C8C3B050 /* Frameworks */,
			);
			sourceTree = "<group>";
		};
		329D95891E3CD04300EB395B /* Products */ = {
			isa = PBXGroup;
			children = (
				329D95881E3CD04300EB395B /* DemoImageViewer.app */,
			);
			name = Products;
			sourceTree = "<group>";
		};
		329D958A1E3CD04300EB395B /* DemoImageViewer */ = {
			isa = PBXGroup;
			children = (
				3262A90B1E3CDB8F00305DC1 /* collection */,
				329D958B1E3CD04300EB395B /* AppDelegate.swift */,
				329D958D1E3CD04300EB395B /* ViewController.swift */,
				329D958F1E3CD04300EB395B /* Main.storyboard */,
				329D95921E3CD04300EB395B /* Assets.xcassets */,
				329D95941E3CD04300EB395B /* LaunchScreen.storyboard */,
				329D95971E3CD04300EB395B /* Info.plist */,
			);
			path = DemoImageViewer;
			sourceTree = "<group>";
		};
		97869BDCABD7EEB3C8C3B050 /* Frameworks */ = {
			isa = PBXGroup;
			children = (
				F0544F021E6E5BF8A16418C9 /* Pods_DemoImageViewer.framework */,
			);
			name = Frameworks;
			sourceTree = "<group>";
		};
/* End PBXGroup section */

/* Begin PBXNativeTarget section */
		329D95871E3CD04300EB395B /* DemoImageViewer */ = {
			isa = PBXNativeTarget;
			buildConfigurationList = 329D959A1E3CD04300EB395B /* Build configuration list for PBXNativeTarget "DemoImageViewer" */;
			buildPhases = (
				0EFA06B022546B88D3041827 /* [CP] Check Pods Manifest.lock */,
				329D95841E3CD04300EB395B /* Sources */,
				329D95851E3CD04300EB395B /* Frameworks */,
				329D95861E3CD04300EB395B /* Resources */,
				54167E2B8FF053140B95A914 /* [CP] Embed Pods Frameworks */,
				6BD4E349063AC79E37D38D38 /* [CP] Copy Pods Resources */,
			);
			buildRules = (
			);
			dependencies = (
			);
			name = DemoImageViewer;
			productName = DemoImageViewer;
			productReference = 329D95881E3CD04300EB395B /* DemoImageViewer.app */;
			productType = "com.apple.product-type.application";
		};
/* End PBXNativeTarget section */

/* Begin PBXProject section */
		329D95801E3CD04300EB395B /* Project object */ = {
			isa = PBXProject;
			attributes = {
				LastSwiftUpdateCheck = 0820;
				LastUpgradeCheck = 0910;
				ORGANIZATIONNAME = "Todd Isaacs";
				TargetAttributes = {
					329D95871E3CD04300EB395B = {
						CreatedOnToolsVersion = 8.2.1;
						DevelopmentTeam = B5TXP469WM;
						LastSwiftMigration = 0910;
						ProvisioningStyle = Automatic;
					};
				};
			};
			buildConfigurationList = 329D95831E3CD04300EB395B /* Build configuration list for PBXProject "DemoImageViewer" */;
			compatibilityVersion = "Xcode 3.2";
			developmentRegion = English;
			hasScannedForEncodings = 0;
			knownRegions = (
				en,
				Base,
			);
			mainGroup = 329D957F1E3CD04300EB395B;
			productRefGroup = 329D95891E3CD04300EB395B /* Products */;
			projectDirPath = "";
			projectRoot = "";
			targets = (
				329D95871E3CD04300EB395B /* DemoImageViewer */,
			);
		};
/* End PBXProject section */

/* Begin PBXResourcesBuildPhase section */
		329D95861E3CD04300EB395B /* Resources */ = {
			isa = PBXResourcesBuildPhase;
			buildActionMask = 2147483647;
			files = (
				329D95961E3CD04300EB395B /* LaunchScreen.storyboard in Resources */,
				329D95931E3CD04300EB395B /* Assets.xcassets in Resources */,
				329D95911E3CD04300EB395B /* Main.storyboard in Resources */,
			);
			runOnlyForDeploymentPostprocessing = 0;
		};
/* End PBXResourcesBuildPhase section */

/* Begin PBXShellScriptBuildPhase section */
		0EFA06B022546B88D3041827 /* [CP] Check Pods Manifest.lock */ = {
			isa = PBXShellScriptBuildPhase;
			buildActionMask = 2147483647;
			files = (
			);
			inputPaths = (
				"${PODS_PODFILE_DIR_PATH}/Podfile.lock",
				"${PODS_ROOT}/Manifest.lock",
			);
			name = "[CP] Check Pods Manifest.lock";
			outputPaths = (
				"$(DERIVED_FILE_DIR)/Pods-DemoImageViewer-checkManifestLockResult.txt",
			);
			runOnlyForDeploymentPostprocessing = 0;
			shellPath = /bin/sh;
			shellScript = "diff \"${PODS_PODFILE_DIR_PATH}/Podfile.lock\" \"${PODS_ROOT}/Manifest.lock\" > /dev/null\nif [ $? != 0 ] ; then\n    # print error to STDERR\n    echo \"error: The sandbox is not in sync with the Podfile.lock. Run 'pod install' or update your CocoaPods installation.\" >&2\n    exit 1\nfi\n# This output is used by Xcode 'outputs' to avoid re-running this script phase.\necho \"SUCCESS\" > \"${SCRIPT_OUTPUT_FILE_0}\"\n";
			showEnvVarsInLog = 0;
		};
		54167E2B8FF053140B95A914 /* [CP] Embed Pods Frameworks */ = {
			isa = PBXShellScriptBuildPhase;
			buildActionMask = 2147483647;
			files = (
			);
			inputPaths = (
				"${SRCROOT}/Pods/Target Support Files/Pods-DemoImageViewer/Pods-DemoImageViewer-frameworks.sh",
				"${BUILT_PRODUCTS_DIR}/TIImageViewer/TIImageViewer.framework",
			);
			name = "[CP] Embed Pods Frameworks";
			outputPaths = (
				"${TARGET_BUILD_DIR}/${FRAMEWORKS_FOLDER_PATH}/TIImageViewer.framework",
			);
			runOnlyForDeploymentPostprocessing = 0;
			shellPath = /bin/sh;
			shellScript = "\"${SRCROOT}/Pods/Target Support Files/Pods-DemoImageViewer/Pods-DemoImageViewer-frameworks.sh\"\n";
			showEnvVarsInLog = 0;
		};
		6BD4E349063AC79E37D38D38 /* [CP] Copy Pods Resources */ = {
			isa = PBXShellScriptBuildPhase;
			buildActionMask = 2147483647;
			files = (
			);
			inputPaths = (
			);
			name = "[CP] Copy Pods Resources";
			outputPaths = (
			);
			runOnlyForDeploymentPostprocessing = 0;
			shellPath = /bin/sh;
			shellScript = "\"${SRCROOT}/Pods/Target Support Files/Pods-DemoImageViewer/Pods-DemoImageViewer-resources.sh\"\n";
			showEnvVarsInLog = 0;
		};
/* End PBXShellScriptBuildPhase section */

/* Begin PBXSourcesBuildPhase section */
		329D95841E3CD04300EB395B /* Sources */ = {
			isa = PBXSourcesBuildPhase;
			buildActionMask = 2147483647;
			files = (
				3262A90D1E3CDBA300305DC1 /* PhotoCell.swift in Sources */,
				3262A90F1E3CDBCB00305DC1 /* UIImage.swift in Sources */,
				3262A90A1E3CDB7000305DC1 /* CollectionViewController.swift in Sources */,
				329D958E1E3CD04300EB395B /* ViewController.swift in Sources */,
				329D958C1E3CD04300EB395B /* AppDelegate.swift in Sources */,
			);
			runOnlyForDeploymentPostprocessing = 0;
		};
/* End PBXSourcesBuildPhase section */

/* Begin PBXVariantGroup section */
		329D958F1E3CD04300EB395B /* Main.storyboard */ = {
			isa = PBXVariantGroup;
			children = (
				329D95901E3CD04300EB395B /* Base */,
			);
			name = Main.storyboard;
			sourceTree = "<group>";
		};
		329D95941E3CD04300EB395B /* LaunchScreen.storyboard */ = {
			isa = PBXVariantGroup;
			children = (
				329D95951E3CD04300EB395B /* Base */,
			);
			name = LaunchScreen.storyboard;
			sourceTree = "<group>";
		};
/* End PBXVariantGroup section */

/* Begin XCBuildConfiguration section */
		329D95981E3CD04300EB395B /* Debug */ = {
			isa = XCBuildConfiguration;
			buildSettings = {
				ALWAYS_SEARCH_USER_PATHS = NO;
				CLANG_ANALYZER_NONNULL = YES;
				CLANG_CXX_LANGUAGE_STANDARD = "gnu++0x";
				CLANG_CXX_LIBRARY = "libc++";
				CLANG_ENABLE_MODULES = YES;
				CLANG_ENABLE_OBJC_ARC = YES;
				CLANG_WARN_BLOCK_CAPTURE_AUTORELEASING = YES;
				CLANG_WARN_BOOL_CONVERSION = YES;
				CLANG_WARN_COMMA = YES;
				CLANG_WARN_CONSTANT_CONVERSION = YES;
				CLANG_WARN_DIRECT_OBJC_ISA_USAGE = YES_ERROR;
				CLANG_WARN_DOCUMENTATION_COMMENTS = YES;
				CLANG_WARN_EMPTY_BODY = YES;
				CLANG_WARN_ENUM_CONVERSION = YES;
				CLANG_WARN_INFINITE_RECURSION = YES;
				CLANG_WARN_INT_CONVERSION = YES;
				CLANG_WARN_NON_LITERAL_NULL_CONVERSION = YES;
				CLANG_WARN_OBJC_LITERAL_CONVERSION = YES;
				CLANG_WARN_OBJC_ROOT_CLASS = YES_ERROR;
				CLANG_WARN_RANGE_LOOP_ANALYSIS = YES;
				CLANG_WARN_STRICT_PROTOTYPES = YES;
				CLANG_WARN_SUSPICIOUS_MOVE = YES;
				CLANG_WARN_UNREACHABLE_CODE = YES;
				CLANG_WARN__DUPLICATE_METHOD_MATCH = YES;
				"CODE_SIGN_IDENTITY[sdk=iphoneos*]" = "iPhone Developer";
				COPY_PHASE_STRIP = NO;
				DEBUG_INFORMATION_FORMAT = dwarf;
				ENABLE_STRICT_OBJC_MSGSEND = YES;
				ENABLE_TESTABILITY = YES;
				GCC_C_LANGUAGE_STANDARD = gnu99;
				GCC_DYNAMIC_NO_PIC = NO;
				GCC_NO_COMMON_BLOCKS = YES;
				GCC_OPTIMIZATION_LEVEL = 0;
				GCC_PREPROCESSOR_DEFINITIONS = (
					"DEBUG=1",
					"$(inherited)",
				);
				GCC_WARN_64_TO_32_BIT_CONVERSION = YES;
				GCC_WARN_ABOUT_RETURN_TYPE = YES_ERROR;
				GCC_WARN_UNDECLARED_SELECTOR = YES;
				GCC_WARN_UNINITIALIZED_AUTOS = YES_AGGRESSIVE;
				GCC_WARN_UNUSED_FUNCTION = YES;
				GCC_WARN_UNUSED_VARIABLE = YES;
				IPHONEOS_DEPLOYMENT_TARGET = 10.2;
				MTL_ENABLE_DEBUG_INFO = YES;
				ONLY_ACTIVE_ARCH = YES;
				SDKROOT = iphoneos;
				SWIFT_ACTIVE_COMPILATION_CONDITIONS = DEBUG;
				SWIFT_OPTIMIZATION_LEVEL = "-Onone";
			};
			name = Debug;
		};
		329D95991E3CD04300EB395B /* Release */ = {
			isa = XCBuildConfiguration;
			buildSettings = {
				ALWAYS_SEARCH_USER_PATHS = NO;
				CLANG_ANALYZER_NONNULL = YES;
				CLANG_CXX_LANGUAGE_STANDARD = "gnu++0x";
				CLANG_CXX_LIBRARY = "libc++";
				CLANG_ENABLE_MODULES = YES;
				CLANG_ENABLE_OBJC_ARC = YES;
				CLANG_WARN_BLOCK_CAPTURE_AUTORELEASING = YES;
				CLANG_WARN_BOOL_CONVERSION = YES;
				CLANG_WARN_COMMA = YES;
				CLANG_WARN_CONSTANT_CONVERSION = YES;
				CLANG_WARN_DIRECT_OBJC_ISA_USAGE = YES_ERROR;
				CLANG_WARN_DOCUMENTATION_COMMENTS = YES;
				CLANG_WARN_EMPTY_BODY = YES;
				CLANG_WARN_ENUM_CONVERSION = YES;
				CLANG_WARN_INFINITE_RECURSION = YES;
				CLANG_WARN_INT_CONVERSION = YES;
				CLANG_WARN_NON_LITERAL_NULL_CONVERSION = YES;
				CLANG_WARN_OBJC_LITERAL_CONVERSION = YES;
				CLANG_WARN_OBJC_ROOT_CLASS = YES_ERROR;
				CLANG_WARN_RANGE_LOOP_ANALYSIS = YES;
				CLANG_WARN_STRICT_PROTOTYPES = YES;
				CLANG_WARN_SUSPICIOUS_MOVE = YES;
				CLANG_WARN_UNREACHABLE_CODE = YES;
				CLANG_WARN__DUPLICATE_METHOD_MATCH = YES;
				"CODE_SIGN_IDENTITY[sdk=iphoneos*]" = "iPhone Developer";
				COPY_PHASE_STRIP = NO;
				DEBUG_INFORMATION_FORMAT = "dwarf-with-dsym";
				ENABLE_NS_ASSERTIONS = NO;
				ENABLE_STRICT_OBJC_MSGSEND = YES;
				GCC_C_LANGUAGE_STANDARD = gnu99;
				GCC_NO_COMMON_BLOCKS = YES;
				GCC_WARN_64_TO_32_BIT_CONVERSION = YES;
				GCC_WARN_ABOUT_RETURN_TYPE = YES_ERROR;
				GCC_WARN_UNDECLARED_SELECTOR = YES;
				GCC_WARN_UNINITIALIZED_AUTOS = YES_AGGRESSIVE;
				GCC_WARN_UNUSED_FUNCTION = YES;
				GCC_WARN_UNUSED_VARIABLE = YES;
				IPHONEOS_DEPLOYMENT_TARGET = 10.2;
				MTL_ENABLE_DEBUG_INFO = NO;
				SDKROOT = iphoneos;
				SWIFT_OPTIMIZATION_LEVEL = "-Owholemodule";
				VALIDATE_PRODUCT = YES;
			};
			name = Release;
		};
		329D959B1E3CD04300EB395B /* Debug */ = {
			isa = XCBuildConfiguration;
			baseConfigurationReference = A9CD2EE290DCA5469C9C8440 /* Pods-DemoImageViewer.debug.xcconfig */;
			buildSettings = {
				ALWAYS_EMBED_SWIFT_STANDARD_LIBRARIES = "$(inherited)";
				ASSETCATALOG_COMPILER_APPICON_NAME = AppIcon;
				DEVELOPMENT_TEAM = B5TXP469WM;
				INFOPLIST_FILE = DemoImageViewer/Info.plist;
				LD_RUNPATH_SEARCH_PATHS = "$(inherited) @executable_path/Frameworks";
				PRODUCT_BUNDLE_IDENTIFIER = com.teisaacs.DemoImageViewer;
				PRODUCT_NAME = "$(TARGET_NAME)";
				SWIFT_SWIFT3_OBJC_INFERENCE = Default;
				SWIFT_VERSION = 4.0;
			};
			name = Debug;
		};
		329D959C1E3CD04300EB395B /* Release */ = {
			isa = XCBuildConfiguration;
			baseConfigurationReference = 6238318720EC6CBFAFD302C8 /* Pods-DemoImageViewer.release.xcconfig */;
			buildSettings = {
				ALWAYS_EMBED_SWIFT_STANDARD_LIBRARIES = "$(inherited)";
				ASSETCATALOG_COMPILER_APPICON_NAME = AppIcon;
				DEVELOPMENT_TEAM = B5TXP469WM;
				INFOPLIST_FILE = DemoImageViewer/Info.plist;
				LD_RUNPATH_SEARCH_PATHS = "$(inherited) @executable_path/Frameworks";
				PRODUCT_BUNDLE_IDENTIFIER = com.teisaacs.DemoImageViewer;
				PRODUCT_NAME = "$(TARGET_NAME)";
				SWIFT_SWIFT3_OBJC_INFERENCE = Default;
				SWIFT_VERSION = 4.0;
			};
			name = Release;
		};
/* End XCBuildConfiguration section */

/* Begin XCConfigurationList section */
		329D95831E3CD04300EB395B /* Build configuration list for PBXProject "DemoImageViewer" */ = {
			isa = XCConfigurationList;
			buildConfigurations = (
				329D95981E3CD04300EB395B /* Debug */,
				329D95991E3CD04300EB395B /* Release */,
			);
			defaultConfigurationIsVisible = 0;
			defaultConfigurationName = Release;
		};
		329D959A1E3CD04300EB395B /* Build configuration list for PBXNativeTarget "DemoImageViewer" */ = {
			isa = XCConfigurationList;
			buildConfigurations = (
				329D959B1E3CD04300EB395B /* Debug */,
				329D959C1E3CD04300EB395B /* Release */,
			);
			defaultConfigurationIsVisible = 0;
			defaultConfigurationName = Release;
		};
/* End XCConfigurationList section */
	};
	rootObject = 329D95801E3CD04300EB395B /* Project object */;
}
